# This file is automatically @generated by Cargo.
# It is not intended for manual editing.
version = 4

[[package]]
name = "kubuntu-lldp-agent"
version = "0.1.0"
dependencies = [
 "kubuntu-lldp-core",
]

[[package]]
name = "kubuntu-lldp-core"
version = "0.1.0"

[[package]]
name = "kubuntu-lldp-ui"
version = "0.1.0"
dependencies = [
 "kubuntu-lldp-core",
]
